// !$*UTF8*$!
{
	archiveVersion = 1;
	classes = {
	};
	objectVersion = 46;
	objects = {

/* Begin PBXBuildFile section */
		C64C61A01D731FDE006F2376 /* DetailViewController.swift in Sources */ = {isa = PBXBuildFile; fileRef = C64C619F1D731FDE006F2376 /* DetailViewController.swift */; };
		C64C61A41D745D77006F2376 /* Model.xcdatamodeld in Sources */ = {isa = PBXBuildFile; fileRef = C64C61A21D745D77006F2376 /* Model.xcdatamodeld */; };
		C64C61A91D747394006F2376 /* Recipe+CoreDataProperties.swift in Sources */ = {isa = PBXBuildFile; fileRef = C64C61A51D747394006F2376 /* Recipe+CoreDataProperties.swift */; };
		C64C61AA1D747394006F2376 /* Recipe.swift in Sources */ = {isa = PBXBuildFile; fileRef = C64C61A61D747394006F2376 /* Recipe.swift */; };
		C64C61AB1D747394006F2376 /* Ingredient+CoreDataProperties.swift in Sources */ = {isa = PBXBuildFile; fileRef = C64C61A71D747394006F2376 /* Ingredient+CoreDataProperties.swift */; };
		C64C61AC1D747394006F2376 /* Ingredient.swift in Sources */ = {isa = PBXBuildFile; fileRef = C64C61A81D747394006F2376 /* Ingredient.swift */; };
		C6784BB31D707D1B00D4687E /* F2FClient.swift in Sources */ = {isa = PBXBuildFile; fileRef = C6784BB21D707D1B00D4687E /* F2FClient.swift */; };
		C6784BB71D7092AD00D4687E /* FridgeTableViewController.swift in Sources */ = {isa = PBXBuildFile; fileRef = C6784BB61D7092AD00D4687E /* FridgeTableViewController.swift */; };
		C6784BB91D7092CC00D4687E /* RecipeCollectionViewController.swift in Sources */ = {isa = PBXBuildFile; fileRef = C6784BB81D7092CC00D4687E /* RecipeCollectionViewController.swift */; };
		C6784BBB1D7092E900D4687E /* BookmarksCollectionViewController.swift in Sources */ = {isa = PBXBuildFile; fileRef = C6784BBA1D7092E900D4687E /* BookmarksCollectionViewController.swift */; };
		C6784BBD1D70955800D4687E /* RecipeCollectionViewCell.swift in Sources */ = {isa = PBXBuildFile; fileRef = C6784BBC1D70955800D4687E /* RecipeCollectionViewCell.swift */; };
		C6784BBF1D70956C00D4687E /* BookmarksCollectionViewCell.swift in Sources */ = {isa = PBXBuildFile; fileRef = C6784BBE1D70956C00D4687E /* BookmarksCollectionViewCell.swift */; };
		C6784BC51D71E30C00D4687E /* Constants.swift in Sources */ = {isa = PBXBuildFile; fileRef = C6784BC41D71E30C00D4687E /* Constants.swift */; };
		C6784BC71D72D84600D4687E /* LoadingProxy.swift in Sources */ = {isa = PBXBuildFile; fileRef = C6784BC61D72D84600D4687E /* LoadingProxy.swift */; };
		C6DFFFE31D6C7908003AC26C /* AppDelegate.swift in Sources */ = {isa = PBXBuildFile; fileRef = C6DFFFE21D6C7908003AC26C /* AppDelegate.swift */; };
		C6DFFFE81D6C7908003AC26C /* Main.storyboard in Resources */ = {isa = PBXBuildFile; fileRef = C6DFFFE61D6C7908003AC26C /* Main.storyboard */; };
		C6DFFFEA1D6C7908003AC26C /* Assets.xcassets in Resources */ = {isa = PBXBuildFile; fileRef = C6DFFFE91D6C7908003AC26C /* Assets.xcassets */; };
		C6DFFFED1D6C7908003AC26C /* LaunchScreen.storyboard in Resources */ = {isa = PBXBuildFile; fileRef = C6DFFFEB1D6C7908003AC26C /* LaunchScreen.storyboard */; };
/* End PBXBuildFile section */

/* Begin PBXFileReference section */
		C64C619F1D731FDE006F2376 /* DetailViewController.swift */ = {isa = PBXFileReference; fileEncoding = 4; lastKnownFileType = sourcecode.swift; path = DetailViewController.swift; sourceTree = "<group>"; };
		C64C61A31D745D77006F2376 /* Model.xcdatamodel */ = {isa = PBXFileReference; lastKnownFileType = wrapper.xcdatamodel; path = Model.xcdatamodel; sourceTree = "<group>"; };
		C64C61A51D747394006F2376 /* Recipe+CoreDataProperties.swift */ = {isa = PBXFileReference; fileEncoding = 4; lastKnownFileType = sourcecode.swift; name = "Recipe+CoreDataProperties.swift"; path = "../Recipe+CoreDataProperties.swift"; sourceTree = "<group>"; };
		C64C61A61D747394006F2376 /* Recipe.swift */ = {isa = PBXFileReference; fileEncoding = 4; lastKnownFileType = sourcecode.swift; name = Recipe.swift; path = ../Recipe.swift; sourceTree = "<group>"; };
		C64C61A71D747394006F2376 /* Ingredient+CoreDataProperties.swift */ = {isa = PBXFileReference; fileEncoding = 4; lastKnownFileType = sourcecode.swift; name = "Ingredient+CoreDataProperties.swift"; path = "../Ingredient+CoreDataProperties.swift"; sourceTree = "<group>"; };
		C64C61A81D747394006F2376 /* Ingredient.swift */ = {isa = PBXFileReference; fileEncoding = 4; lastKnownFileType = sourcecode.swift; name = Ingredient.swift; path = ../Ingredient.swift; sourceTree = "<group>"; };
		C6784BB21D707D1B00D4687E /* F2FClient.swift */ = {isa = PBXFileReference; fileEncoding = 4; lastKnownFileType = sourcecode.swift; path = F2FClient.swift; sourceTree = "<group>"; };
		C6784BB61D7092AD00D4687E /* FridgeTableViewController.swift */ = {isa = PBXFileReference; fileEncoding = 4; lastKnownFileType = sourcecode.swift; path = FridgeTableViewController.swift; sourceTree = "<group>"; };
		C6784BB81D7092CC00D4687E /* RecipeCollectionViewController.swift */ = {isa = PBXFileReference; fileEncoding = 4; lastKnownFileType = sourcecode.swift; path = RecipeCollectionViewController.swift; sourceTree = "<group>"; };
		C6784BBA1D7092E900D4687E /* BookmarksCollectionViewController.swift */ = {isa = PBXFileReference; fileEncoding = 4; lastKnownFileType = sourcecode.swift; path = BookmarksCollectionViewController.swift; sourceTree = "<group>"; };
		C6784BBC1D70955800D4687E /* RecipeCollectionViewCell.swift */ = {isa = PBXFileReference; fileEncoding = 4; lastKnownFileType = sourcecode.swift; path = RecipeCollectionViewCell.swift; sourceTree = "<group>"; };
		C6784BBE1D70956C00D4687E /* BookmarksCollectionViewCell.swift */ = {isa = PBXFileReference; fileEncoding = 4; lastKnownFileType = sourcecode.swift; path = BookmarksCollectionViewCell.swift; sourceTree = "<group>"; };
		C6784BC41D71E30C00D4687E /* Constants.swift */ = {isa = PBXFileReference; fileEncoding = 4; lastKnownFileType = sourcecode.swift; path = Constants.swift; sourceTree = "<group>"; };
		C6784BC61D72D84600D4687E /* LoadingProxy.swift */ = {isa = PBXFileReference; fileEncoding = 4; lastKnownFileType = sourcecode.swift; path = LoadingProxy.swift; sourceTree = "<group>"; };
		C6DFFFDF1D6C7908003AC26C /* Ready2Cook.app */ = {isa = PBXFileReference; explicitFileType = wrapper.application; includeInIndex = 0; path = Ready2Cook.app; sourceTree = BUILT_PRODUCTS_DIR; };
		C6DFFFE21D6C7908003AC26C /* AppDelegate.swift */ = {isa = PBXFileReference; lastKnownFileType = sourcecode.swift; path = AppDelegate.swift; sourceTree = "<group>"; };
		C6DFFFE71D6C7908003AC26C /* Base */ = {isa = PBXFileReference; lastKnownFileType = file.storyboard; name = Base; path = Base.lproj/Main.storyboard; sourceTree = "<group>"; };
		C6DFFFE91D6C7908003AC26C /* Assets.xcassets */ = {isa = PBXFileReference; lastKnownFileType = folder.assetcatalog; path = Assets.xcassets; sourceTree = "<group>"; };
		C6DFFFEC1D6C7908003AC26C /* Base */ = {isa = PBXFileReference; lastKnownFileType = file.storyboard; name = Base; path = Base.lproj/LaunchScreen.storyboard; sourceTree = "<group>"; };
		C6DFFFEE1D6C7908003AC26C /* Info.plist */ = {isa = PBXFileReference; lastKnownFileType = text.plist.xml; path = Info.plist; sourceTree = "<group>"; };
/* End PBXFileReference section */

/* Begin PBXFrameworksBuildPhase section */
		C6DFFFDC1D6C7908003AC26C /* Frameworks */ = {
			isa = PBXFrameworksBuildPhase;
			buildActionMask = 2147483647;
			files = (
			);
			runOnlyForDeploymentPostprocessing = 0;
		};
/* End PBXFrameworksBuildPhase section */

/* Begin PBXGroup section */
		C64C61A11D745D3D006F2376 /* CoreDataStack */ = {
			isa = PBXGroup;
			children = (
				C64C61A51D747394006F2376 /* Recipe+CoreDataProperties.swift */,
				C64C61A61D747394006F2376 /* Recipe.swift */,
				C64C61A71D747394006F2376 /* Ingredient+CoreDataProperties.swift */,
				C64C61A81D747394006F2376 /* Ingredient.swift */,
				C64C61A21D745D77006F2376 /* Model.xcdatamodeld */,
			);
			name = CoreDataStack;
			sourceTree = "<group>";
		};
		C6784BB01D707CFA00D4687E /* Models */ = {
			isa = PBXGroup;
			children = (
				C64C61A11D745D3D006F2376 /* CoreDataStack */,
				C6784BB21D707D1B00D4687E /* F2FClient.swift */,
				C6784BBC1D70955800D4687E /* RecipeCollectionViewCell.swift */,
				C6784BBE1D70956C00D4687E /* BookmarksCollectionViewCell.swift */,
				C6784BC41D71E30C00D4687E /* Constants.swift */,
				C6784BC61D72D84600D4687E /* LoadingProxy.swift */,
			);
			name = Models;
			sourceTree = "<group>";
		};
		C6784BB11D707D0200D4687E /* Controllers */ = {
			isa = PBXGroup;
			children = (
				C6784BB61D7092AD00D4687E /* FridgeTableViewController.swift */,
				C6784BB81D7092CC00D4687E /* RecipeCollectionViewController.swift */,
				C6784BBA1D7092E900D4687E /* BookmarksCollectionViewController.swift */,
				C64C619F1D731FDE006F2376 /* DetailViewController.swift */,
			);
			name = Controllers;
			sourceTree = "<group>";
		};
		C6DFFFD61D6C7907003AC26C = {
			isa = PBXGroup;
			children = (
				C6DFFFE11D6C7908003AC26C /* Ready2Cook */,
				C6DFFFE01D6C7908003AC26C /* Products */,
			);
			sourceTree = "<group>";
		};
		C6DFFFE01D6C7908003AC26C /* Products */ = {
			isa = PBXGroup;
			children = (
				C6DFFFDF1D6C7908003AC26C /* Ready2Cook.app */,
			);
			name = Products;
			sourceTree = "<group>";
		};
		C6DFFFE11D6C7908003AC26C /* Ready2Cook */ = {
			isa = PBXGroup;
			children = (
				C6784BB11D707D0200D4687E /* Controllers */,
				C6784BB01D707CFA00D4687E /* Models */,
				C6DFFFF41D6C7932003AC26C /* Assets */,
				C6DFFFE21D6C7908003AC26C /* AppDelegate.swift */,
				C6DFFFEE1D6C7908003AC26C /* Info.plist */,
			);
			path = Ready2Cook;
			sourceTree = "<group>";
		};
		C6DFFFF41D6C7932003AC26C /* Assets */ = {
			isa = PBXGroup;
			children = (
				C6DFFFE61D6C7908003AC26C /* Main.storyboard */,
				C6DFFFE91D6C7908003AC26C /* Assets.xcassets */,
				C6DFFFEB1D6C7908003AC26C /* LaunchScreen.storyboard */,
			);
			name = Assets;
			sourceTree = "<group>";
		};
/* End PBXGroup section */

/* Begin PBXNativeTarget section */
		C6DFFFDE1D6C7908003AC26C /* Ready2Cook */ = {
			isa = PBXNativeTarget;
			buildConfigurationList = C6DFFFF11D6C7908003AC26C /* Build configuration list for PBXNativeTarget "Ready2Cook" */;
			buildPhases = (
				C6DFFFDB1D6C7908003AC26C /* Sources */,
				C6DFFFDC1D6C7908003AC26C /* Frameworks */,
				C6DFFFDD1D6C7908003AC26C /* Resources */,
			);
			buildRules = (
			);
			dependencies = (
			);
			name = Ready2Cook;
			productName = Ready2Cook;
			productReference = C6DFFFDF1D6C7908003AC26C /* Ready2Cook.app */;
			productType = "com.apple.product-type.application";
		};
/* End PBXNativeTarget section */

/* Begin PBXProject section */
		C6DFFFD71D6C7908003AC26C /* Project object */ = {
			isa = PBXProject;
			attributes = {
				LastSwiftUpdateCheck = 0730;
				LastUpgradeCheck = 0730;
				ORGANIZATIONNAME = kishidak;
				TargetAttributes = {
					C6DFFFDE1D6C7908003AC26C = {
						CreatedOnToolsVersion = 7.3;
						DevelopmentTeam = V5R2C8MBT3;
					};
				};
			};
			buildConfigurationList = C6DFFFDA1D6C7908003AC26C /* Build configuration list for PBXProject "Ready2Cook" */;
			compatibilityVersion = "Xcode 3.2";
			developmentRegion = English;
			hasScannedForEncodings = 0;
			knownRegions = (
				en,
				Base,
			);
			mainGroup = C6DFFFD61D6C7907003AC26C;
			productRefGroup = C6DFFFE01D6C7908003AC26C /* Products */;
			projectDirPath = "";
			projectRoot = "";
			targets = (
				C6DFFFDE1D6C7908003AC26C /* Ready2Cook */,
			);
		};
/* End PBXProject section */

/* Begin PBXResourcesBuildPhase section */
		C6DFFFDD1D6C7908003AC26C /* Resources */ = {
			isa = PBXResourcesBuildPhase;
			buildActionMask = 2147483647;
			files = (
				C6DFFFED1D6C7908003AC26C /* LaunchScreen.storyboard in Resources */,
				C6DFFFEA1D6C7908003AC26C /* Assets.xcassets in Resources */,
				C6DFFFE81D6C7908003AC26C /* Main.storyboard in Resources */,
			);
			runOnlyForDeploymentPostprocessing = 0;
		};
/* End PBXResourcesBuildPhase section */

/* Begin PBXSourcesBuildPhase section */
		C6DFFFDB1D6C7908003AC26C /* Sources */ = {
			isa = PBXSourcesBuildPhase;
			buildActionMask = 2147483647;
			files = (
				C6784BBB1D7092E900D4687E /* BookmarksCollectionViewController.swift in Sources */,
				C6784BB91D7092CC00D4687E /* RecipeCollectionViewController.swift in Sources */,
				C64C61AC1D747394006F2376 /* Ingredient.swift in Sources */,
				C6784BB71D7092AD00D4687E /* FridgeTableViewController.swift in Sources */,
				C6DFFFE31D6C7908003AC26C /* AppDelegate.swift in Sources */,
				C6784BBF1D70956C00D4687E /* BookmarksCollectionViewCell.swift in Sources */,
				C6784BBD1D70955800D4687E /* RecipeCollectionViewCell.swift in Sources */,
				C6784BC71D72D84600D4687E /* LoadingProxy.swift in Sources */,
				C64C61A01D731FDE006F2376 /* DetailViewController.swift in Sources */,
				C64C61AB1D747394006F2376 /* Ingredient+CoreDataProperties.swift in Sources */,
				C6784BB31D707D1B00D4687E /* F2FClient.swift in Sources */,
				C64C61A91D747394006F2376 /* Recipe+CoreDataProperties.swift in Sources */,
				C64C61AA1D747394006F2376 /* Recipe.swift in Sources */,
				C64C61A41D745D77006F2376 /* Model.xcdatamodeld in Sources */,
				C6784BC51D71E30C00D4687E /* Constants.swift in Sources */,
			);
			runOnlyForDeploymentPostprocessing = 0;
		};
/* End PBXSourcesBuildPhase section */

/* Begin PBXVariantGroup section */
		C6DFFFE61D6C7908003AC26C /* Main.storyboard */ = {
			isa = PBXVariantGroup;
			children = (
				C6DFFFE71D6C7908003AC26C /* Base */,
			);
			name = Main.storyboard;
			sourceTree = "<group>";
		};
		C6DFFFEB1D6C7908003AC26C /* LaunchScreen.storyboard */ = {
			isa = PBXVariantGroup;
			children = (
				C6DFFFEC1D6C7908003AC26C /* Base */,
			);
			name = LaunchScreen.storyboard;
			sourceTree = "<group>";
		};
/* End PBXVariantGroup section */

/* Begin XCBuildConfiguration section */
		C6DFFFEF1D6C7908003AC26C /* Debug */ = {
			isa = XCBuildConfiguration;
			buildSettings = {
				ALWAYS_SEARCH_USER_PATHS = NO;
				CLANG_ANALYZER_NONNULL = YES;
				CLANG_CXX_LANGUAGE_STANDARD = "gnu++0x";
				CLANG_CXX_LIBRARY = "libc++";
				CLANG_ENABLE_MODULES = YES;
				CLANG_ENABLE_OBJC_ARC = YES;
				CLANG_WARN_BOOL_CONVERSION = YES;
				CLANG_WARN_CONSTANT_CONVERSION = YES;
				CLANG_WARN_DIRECT_OBJC_ISA_USAGE = YES_ERROR;
				CLANG_WARN_EMPTY_BODY = YES;
				CLANG_WARN_ENUM_CONVERSION = YES;
				CLANG_WARN_INT_CONVERSION = YES;
				CLANG_WARN_OBJC_ROOT_CLASS = YES_ERROR;
				CLANG_WARN_UNREACHABLE_CODE = YES;
				CLANG_WARN__DUPLICATE_METHOD_MATCH = YES;
				"CODE_SIGN_IDENTITY[sdk=iphoneos*]" = "iPhone Developer";
				COPY_PHASE_STRIP = NO;
				DEBUG_INFORMATION_FORMAT = dwarf;
				ENABLE_STRICT_OBJC_MSGSEND = YES;
				ENABLE_TESTABILITY = YES;
				GCC_C_LANGUAGE_STANDARD = gnu99;
				GCC_DYNAMIC_NO_PIC = NO;
				GCC_NO_COMMON_BLOCKS = YES;
				GCC_OPTIMIZATION_LEVEL = 0;
				GCC_PREPROCESSOR_DEFINITIONS = (
					"DEBUG=1",
					"$(inherited)",
				);
				GCC_WARN_64_TO_32_BIT_CONVERSION = YES;
				GCC_WARN_ABOUT_RETURN_TYPE = YES_ERROR;
				GCC_WARN_UNDECLARED_SELECTOR = YES;
				GCC_WARN_UNINITIALIZED_AUTOS = YES_AGGRESSIVE;
				GCC_WARN_UNUSED_FUNCTION = YES;
				GCC_WARN_UNUSED_VARIABLE = YES;
				IPHONEOS_DEPLOYMENT_TARGET = 9.3;
				MTL_ENABLE_DEBUG_INFO = YES;
				ONLY_ACTIVE_ARCH = YES;
				SDKROOT = iphoneos;
				SWIFT_OPTIMIZATION_LEVEL = "-Onone";
				TARGETED_DEVICE_FAMILY = "1,2";
			};
			name = Debug;
		};
		C6DFFFF01D6C7908003AC26C /* Release */ = {
			isa = XCBuildConfiguration;
			buildSettings = {
				ALWAYS_SEARCH_USER_PATHS = NO;
				CLANG_ANALYZER_NONNULL = YES;
				CLANG_CXX_LANGUAGE_STANDARD = "gnu++0x";
				CLANG_CXX_LIBRARY = "libc++";
				CLANG_ENABLE_MODULES = YES;
				CLANG_ENABLE_OBJC_ARC = YES;
				CLANG_WARN_BOOL_CONVERSION = YES;
				CLANG_WARN_CONSTANT_CONVERSION = YES;
				CLANG_WARN_DIRECT_OBJC_ISA_USAGE = YES_ERROR;
				CLANG_WARN_EMPTY_BODY = YES;
				CLANG_WARN_ENUM_CONVERSION = YES;
				CLANG_WARN_INT_CONVERSION = YES;
				CLANG_WARN_OBJC_ROOT_CLASS = YES_ERROR;
				CLANG_WARN_UNREACHABLE_CODE = YES;
				CLANG_WARN__DUPLICATE_METHOD_MATCH = YES;
				"CODE_SIGN_IDENTITY[sdk=iphoneos*]" = "iPhone Developer";
				COPY_PHASE_STRIP = NO;
				DEBUG_INFORMATION_FORMAT = "dwarf-with-dsym";
				ENABLE_NS_ASSERTIONS = NO;
				ENABLE_STRICT_OBJC_MSGSEND = YES;
				GCC_C_LANGUAGE_STANDARD = gnu99;
				GCC_NO_COMMON_BLOCKS = YES;
				GCC_WARN_64_TO_32_BIT_CONVERSION = YES;
				GCC_WARN_ABOUT_RETURN_TYPE = YES_ERROR;
				GCC_WARN_UNDECLARED_SELECTOR = YES;
				GCC_WARN_UNINITIALIZED_AUTOS = YES_AGGRESSIVE;
				GCC_WARN_UNUSED_FUNCTION = YES;
				GCC_WARN_UNUSED_VARIABLE = YES;
				IPHONEOS_DEPLOYMENT_TARGET = 9.3;
				MTL_ENABLE_DEBUG_INFO = NO;
				SDKROOT = iphoneos;
				TARGETED_DEVICE_FAMILY = "1,2";
				VALIDATE_PRODUCT = YES;
			};
			name = Release;
		};
		C6DFFFF21D6C7908003AC26C /* Debug */ = {
			isa = XCBuildConfiguration;
			buildSettings = {
				ASSETCATALOG_COMPILER_APPICON_NAME = AppIcon;
				INFOPLIST_FILE = Ready2Cook/Info.plist;
				LD_RUNPATH_SEARCH_PATHS = "$(inherited) @executable_path/Frameworks";
				PRODUCT_BUNDLE_IDENTIFIER = kishidak.Ready2Cook;
				PRODUCT_NAME = "$(TARGET_NAME)";
			};
			name = Debug;
		};
		C6DFFFF31D6C7908003AC26C /* Release */ = {
			isa = XCBuildConfiguration;
			buildSettings = {
				ASSETCATALOG_COMPILER_APPICON_NAME = AppIcon;
				INFOPLIST_FILE = Ready2Cook/Info.plist;
				LD_RUNPATH_SEARCH_PATHS = "$(inherited) @executable_path/Frameworks";
				PRODUCT_BUNDLE_IDENTIFIER = kishidak.Ready2Cook;
				PRODUCT_NAME = "$(TARGET_NAME)";
			};
			name = Release;
		};
/* End XCBuildConfiguration section */

/* Begin XCConfigurationList section */
		C6DFFFDA1D6C7908003AC26C /* Build configuration list for PBXProject "Ready2Cook" */ = {
			isa = XCConfigurationList;
			buildConfigurations = (
				C6DFFFEF1D6C7908003AC26C /* Debug */,
				C6DFFFF01D6C7908003AC26C /* Release */,
			);
			defaultConfigurationIsVisible = 0;
			defaultConfigurationName = Release;
		};
		C6DFFFF11D6C7908003AC26C /* Build configuration list for PBXNativeTarget "Ready2Cook" */ = {
			isa = XCConfigurationList;
			buildConfigurations = (
				C6DFFFF21D6C7908003AC26C /* Debug */,
				C6DFFFF31D6C7908003AC26C /* Release */,
			);
			defaultConfigurationIsVisible = 0;
			defaultConfigurationName = Release;
		};
/* End XCConfigurationList section */

/* Begin XCVersionGroup section */
		C64C61A21D745D77006F2376 /* Model.xcdatamodeld */ = {
			isa = XCVersionGroup;
			children = (
				C64C61A31D745D77006F2376 /* Model.xcdatamodel */,
			);
			currentVersion = C64C61A31D745D77006F2376 /* Model.xcdatamodel */;
			path = Model.xcdatamodeld;
			sourceTree = "<group>";
			versionGroupType = wrapper.xcdatamodel;
		};
/* End XCVersionGroup section */
	};
	rootObject = C6DFFFD71D6C7908003AC26C /* Project object */;
}
